// !$*UTF8*$!
{
	archiveVersion = 1;
	classes = {
	};
	objectVersion = 46;
	objects = {

/* Begin PBXBuildFile section */
		6623CB281CDE379C001D5CC3 /* AppDelegate.swift in Sources */ = {isa = PBXBuildFile; fileRef = 6623CB271CDE379C001D5CC3 /* AppDelegate.swift */; };
		6623CB2A1CDE379C001D5CC3 /* ViewController.swift in Sources */ = {isa = PBXBuildFile; fileRef = 6623CB291CDE379C001D5CC3 /* ViewController.swift */; };
		6623CB2D1CDE379C001D5CC3 /* Main.storyboard in Resources */ = {isa = PBXBuildFile; fileRef = 6623CB2B1CDE379C001D5CC3 /* Main.storyboard */; };
		6623CB2F1CDE379C001D5CC3 /* Assets.xcassets in Resources */ = {isa = PBXBuildFile; fileRef = 6623CB2E1CDE379C001D5CC3 /* Assets.xcassets */; };
		6623CB321CDE379C001D5CC3 /* LaunchScreen.storyboard in Resources */ = {isa = PBXBuildFile; fileRef = 6623CB301CDE379C001D5CC3 /* LaunchScreen.storyboard */; };
		6623CB3D1CDE379C001D5CC3 /* tipsTests.swift in Sources */ = {isa = PBXBuildFile; fileRef = 6623CB3C1CDE379C001D5CC3 /* tipsTests.swift */; };
		6623CB481CDE379C001D5CC3 /* tipsUITests.swift in Sources */ = {isa = PBXBuildFile; fileRef = 6623CB471CDE379C001D5CC3 /* tipsUITests.swift */; };
		6639C2CF1CFCB04B0081530E /* SettingsViewController.swift in Sources */ = {isa = PBXBuildFile; fileRef = 6639C2CE1CFCB04B0081530E /* SettingsViewController.swift */; };
		664BF52C1D1C473000BA3760 /* Constant.swift in Sources */ = {isa = PBXBuildFile; fileRef = 664BF52B1D1C473000BA3760 /* Constant.swift */; };
/* End PBXBuildFile section */

/* Begin PBXContainerItemProxy section */
		6623CB391CDE379C001D5CC3 /* PBXContainerItemProxy */ = {
			isa = PBXContainerItemProxy;
			containerPortal = 6623CB1C1CDE379C001D5CC3 /* Project object */;
			proxyType = 1;
			remoteGlobalIDString = 6623CB231CDE379C001D5CC3;
			remoteInfo = tips;
		};
		6623CB441CDE379C001D5CC3 /* PBXContainerItemProxy */ = {
			isa = PBXContainerItemProxy;
			containerPortal = 6623CB1C1CDE379C001D5CC3 /* Project object */;
			proxyType = 1;
			remoteGlobalIDString = 6623CB231CDE379C001D5CC3;
			remoteInfo = tips;
		};
/* End PBXContainerItemProxy section */

/* Begin PBXFileReference section */
		6623CB241CDE379C001D5CC3 /* tips.app */ = {isa = PBXFileReference; explicitFileType = wrapper.application; includeInIndex = 0; path = tips.app; sourceTree = BUILT_PRODUCTS_DIR; };
		6623CB271CDE379C001D5CC3 /* AppDelegate.swift */ = {isa = PBXFileReference; lastKnownFileType = sourcecode.swift; path = AppDelegate.swift; sourceTree = "<group>"; };
		6623CB291CDE379C001D5CC3 /* ViewController.swift */ = {isa = PBXFileReference; lastKnownFileType = sourcecode.swift; path = ViewController.swift; sourceTree = "<group>"; };
		6623CB2C1CDE379C001D5CC3 /* Base */ = {isa = PBXFileReference; lastKnownFileType = file.storyboard; name = Base; path = Base.lproj/Main.storyboard; sourceTree = "<group>"; };
		6623CB2E1CDE379C001D5CC3 /* Assets.xcassets */ = {isa = PBXFileReference; lastKnownFileType = folder.assetcatalog; path = Assets.xcassets; sourceTree = "<group>"; };
		6623CB311CDE379C001D5CC3 /* Base */ = {isa = PBXFileReference; lastKnownFileType = file.storyboard; name = Base; path = Base.lproj/LaunchScreen.storyboard; sourceTree = "<group>"; };
		6623CB331CDE379C001D5CC3 /* Info.plist */ = {isa = PBXFileReference; lastKnownFileType = text.plist.xml; path = Info.plist; sourceTree = "<group>"; };
		6623CB381CDE379C001D5CC3 /* tipsTests.xctest */ = {isa = PBXFileReference; explicitFileType = wrapper.cfbundle; includeInIndex = 0; path = tipsTests.xctest; sourceTree = BUILT_PRODUCTS_DIR; };
		6623CB3C1CDE379C001D5CC3 /* tipsTests.swift */ = {isa = PBXFileReference; lastKnownFileType = sourcecode.swift; path = tipsTests.swift; sourceTree = "<group>"; };
		6623CB3E1CDE379C001D5CC3 /* Info.plist */ = {isa = PBXFileReference; lastKnownFileType = text.plist.xml; path = Info.plist; sourceTree = "<group>"; };
		6623CB431CDE379C001D5CC3 /* tipsUITests.xctest */ = {isa = PBXFileReference; explicitFileType = wrapper.cfbundle; includeInIndex = 0; path = tipsUITests.xctest; sourceTree = BUILT_PRODUCTS_DIR; };
		6623CB471CDE379C001D5CC3 /* tipsUITests.swift */ = {isa = PBXFileReference; lastKnownFileType = sourcecode.swift; path = tipsUITests.swift; sourceTree = "<group>"; };
		6623CB491CDE379C001D5CC3 /* Info.plist */ = {isa = PBXFileReference; lastKnownFileType = text.plist.xml; path = Info.plist; sourceTree = "<group>"; };
		6639C2CE1CFCB04B0081530E /* SettingsViewController.swift */ = {isa = PBXFileReference; fileEncoding = 4; lastKnownFileType = sourcecode.swift; path = SettingsViewController.swift; sourceTree = "<group>"; };
		664BF52B1D1C473000BA3760 /* Constant.swift */ = {isa = PBXFileReference; fileEncoding = 4; lastKnownFileType = sourcecode.swift; path = Constant.swift; sourceTree = "<group>"; };
/* End PBXFileReference section */

/* Begin PBXFrameworksBuildPhase section */
		6623CB211CDE379C001D5CC3 /* Frameworks */ = {
			isa = PBXFrameworksBuildPhase;
			buildActionMask = 2147483647;
			files = (
			);
			runOnlyForDeploymentPostprocessing = 0;
		};
		6623CB351CDE379C001D5CC3 /* Frameworks */ = {
			isa = PBXFrameworksBuildPhase;
			buildActionMask = 2147483647;
			files = (
			);
			runOnlyForDeploymentPostprocessing = 0;
		};
		6623CB401CDE379C001D5CC3 /* Frameworks */ = {
			isa = PBXFrameworksBuildPhase;
			buildActionMask = 2147483647;
			files = (
			);
			runOnlyForDeploymentPostprocessing = 0;
		};
/* End PBXFrameworksBuildPhase section */

/* Begin PBXGroup section */
		6623CB1B1CDE379C001D5CC3 = {
			isa = PBXGroup;
			children = (
				6623CB261CDE379C001D5CC3 /* tips */,
				6623CB3B1CDE379C001D5CC3 /* tipsTests */,
				6623CB461CDE379C001D5CC3 /* tipsUITests */,
				6623CB251CDE379C001D5CC3 /* Products */,
			);
			sourceTree = "<group>";
		};
		6623CB251CDE379C001D5CC3 /* Products */ = {
			isa = PBXGroup;
			children = (
				6623CB241CDE379C001D5CC3 /* tips.app */,
				6623CB381CDE379C001D5CC3 /* tipsTests.xctest */,
				6623CB431CDE379C001D5CC3 /* tipsUITests.xctest */,
			);
			name = Products;
			sourceTree = "<group>";
		};
		6623CB261CDE379C001D5CC3 /* tips */ = {
			isa = PBXGroup;
			children = (
				6639C2CE1CFCB04B0081530E /* SettingsViewController.swift */,
				6623CB271CDE379C001D5CC3 /* AppDelegate.swift */,
				6623CB291CDE379C001D5CC3 /* ViewController.swift */,
				6623CB2B1CDE379C001D5CC3 /* Main.storyboard */,
				6623CB2E1CDE379C001D5CC3 /* Assets.xcassets */,
				6623CB301CDE379C001D5CC3 /* LaunchScreen.storyboard */,
				6623CB331CDE379C001D5CC3 /* Info.plist */,
				664BF52B1D1C473000BA3760 /* Constant.swift */,
			);
			path = tips;
			sourceTree = "<group>";
		};
		6623CB3B1CDE379C001D5CC3 /* tipsTests */ = {
			isa = PBXGroup;
			children = (
				6623CB3C1CDE379C001D5CC3 /* tipsTests.swift */,
				6623CB3E1CDE379C001D5CC3 /* Info.plist */,
			);
			path = tipsTests;
			sourceTree = "<group>";
		};
		6623CB461CDE379C001D5CC3 /* tipsUITests */ = {
			isa = PBXGroup;
			children = (
				6623CB471CDE379C001D5CC3 /* tipsUITests.swift */,
				6623CB491CDE379C001D5CC3 /* Info.plist */,
			);
			path = tipsUITests;
			sourceTree = "<group>";
		};
/* End PBXGroup section */

/* Begin PBXNativeTarget section */
		6623CB231CDE379C001D5CC3 /* tips */ = {
			isa = PBXNativeTarget;
			buildConfigurationList = 6623CB4C1CDE379C001D5CC3 /* Build configuration list for PBXNativeTarget "tips" */;
			buildPhases = (
				6623CB201CDE379C001D5CC3 /* Sources */,
				6623CB211CDE379C001D5CC3 /* Frameworks */,
				6623CB221CDE379C001D5CC3 /* Resources */,
			);
			buildRules = (
			);
			dependencies = (
			);
			name = tips;
			productName = tips;
			productReference = 6623CB241CDE379C001D5CC3 /* tips.app */;
			productType = "com.apple.product-type.application";
		};
		6623CB371CDE379C001D5CC3 /* tipsTests */ = {
			isa = PBXNativeTarget;
			buildConfigurationList = 6623CB4F1CDE379C001D5CC3 /* Build configuration list for PBXNativeTarget "tipsTests" */;
			buildPhases = (
				6623CB341CDE379C001D5CC3 /* Sources */,
				6623CB351CDE379C001D5CC3 /* Frameworks */,
				6623CB361CDE379C001D5CC3 /* Resources */,
			);
			buildRules = (
			);
			dependencies = (
				6623CB3A1CDE379C001D5CC3 /* PBXTargetDependency */,
			);
			name = tipsTests;
			productName = tipsTests;
			productReference = 6623CB381CDE379C001D5CC3 /* tipsTests.xctest */;
			productType = "com.apple.product-type.bundle.unit-test";
		};
		6623CB421CDE379C001D5CC3 /* tipsUITests */ = {
			isa = PBXNativeTarget;
			buildConfigurationList = 6623CB521CDE379C001D5CC3 /* Build configuration list for PBXNativeTarget "tipsUITests" */;
			buildPhases = (
				6623CB3F1CDE379C001D5CC3 /* Sources */,
				6623CB401CDE379C001D5CC3 /* Frameworks */,
				6623CB411CDE379C001D5CC3 /* Resources */,
			);
			buildRules = (
			);
			dependencies = (
				6623CB451CDE379C001D5CC3 /* PBXTargetDependency */,
			);
			name = tipsUITests;
			productName = tipsUITests;
			productReference = 6623CB431CDE379C001D5CC3 /* tipsUITests.xctest */;
			productType = "com.apple.product-type.bundle.ui-testing";
		};
/* End PBXNativeTarget section */

/* Begin PBXProject section */
		6623CB1C1CDE379C001D5CC3 /* Project object */ = {
			isa = PBXProject;
			attributes = {
				LastSwiftUpdateCheck = 0730;
				LastUpgradeCheck = 0730;
				ORGANIZATIONNAME = "Phi Hoang";
				TargetAttributes = {
					6623CB231CDE379C001D5CC3 = {
						CreatedOnToolsVersion = 7.3.1;
					};
					6623CB371CDE379C001D5CC3 = {
						CreatedOnToolsVersion = 7.3.1;
						TestTargetID = 6623CB231CDE379C001D5CC3;
					};
					6623CB421CDE379C001D5CC3 = {
						CreatedOnToolsVersion = 7.3.1;
						TestTargetID = 6623CB231CDE379C001D5CC3;
					};
				};
			};
			buildConfigurationList = 6623CB1F1CDE379C001D5CC3 /* Build configuration list for PBXProject "tips" */;
			compatibilityVersion = "Xcode 3.2";
			developmentRegion = English;
			hasScannedForEncodings = 0;
			knownRegions = (
				en,
				Base,
			);
			mainGroup = 6623CB1B1CDE379C001D5CC3;
			productRefGroup = 6623CB251CDE379C001D5CC3 /* Products */;
			projectDirPath = "";
			projectRoot = "";
			targets = (
				6623CB231CDE379C001D5CC3 /* tips */,
				6623CB371CDE379C001D5CC3 /* tipsTests */,
				6623CB421CDE379C001D5CC3 /* tipsUITests */,
			);
		};
/* End PBXProject section */

/* Begin PBXResourcesBuildPhase section */
		6623CB221CDE379C001D5CC3 /* Resources */ = {
			isa = PBXResourcesBuildPhase;
			buildActionMask = 2147483647;
			files = (
				6623CB321CDE379C001D5CC3 /* LaunchScreen.storyboard in Resources */,
				6623CB2F1CDE379C001D5CC3 /* Assets.xcassets in Resources */,
				6623CB2D1CDE379C001D5CC3 /* Main.storyboard in Resources */,
			);
			runOnlyForDeploymentPostprocessing = 0;
		};
		6623CB361CDE379C001D5CC3 /* Resources */ = {
			isa = PBXResourcesBuildPhase;
			buildActionMask = 2147483647;
			files = (
			);
			runOnlyForDeploymentPostprocessing = 0;
		};
		6623CB411CDE379C001D5CC3 /* Resources */ = {
			isa = PBXResourcesBuildPhase;
			buildActionMask = 2147483647;
			files = (
			);
			runOnlyForDeploymentPostprocessing = 0;
		};
/* End PBXResourcesBuildPhase section */

/* Begin PBXSourcesBuildPhase section */
		6623CB201CDE379C001D5CC3 /* Sources */ = {
			isa = PBXSourcesBuildPhase;
			buildActionMask = 2147483647;
			files = (
				6623CB2A1CDE379C001D5CC3 /* ViewController.swift in Sources */,
				6623CB281CDE379C001D5CC3 /* AppDelegate.swift in Sources */,
				6639C2CF1CFCB04B0081530E /* SettingsViewController.swift in Sources */,
				664BF52C1D1C473000BA3760 /* Constant.swift in Sources */,
			);
			runOnlyForDeploymentPostprocessing = 0;
		};
		6623CB341CDE379C001D5CC3 /* Sources */ = {
			isa = PBXSourcesBuildPhase;
			buildActionMask = 2147483647;
			files = (
				6623CB3D1CDE379C001D5CC3 /* tipsTests.swift in Sources */,
			);
			runOnlyForDeploymentPostprocessing = 0;
		};
		6623CB3F1CDE379C001D5CC3 /* Sources */ = {
			isa = PBXSourcesBuildPhase;
			buildActionMask = 2147483647;
			files = (
				6623CB481CDE379C001D5CC3 /* tipsUITests.swift in Sources */,
			);
			runOnlyForDeploymentPostprocessing = 0;
		};
/* End PBXSourcesBuildPhase section */

/* Begin PBXTargetDependency section */
		6623CB3A1CDE379C001D5CC3 /* PBXTargetDependency */ = {
			isa = PBXTargetDependency;
			target = 6623CB231CDE379C001D5CC3 /* tips */;
			targetProxy = 6623CB391CDE379C001D5CC3 /* PBXContainerItemProxy */;
		};
		6623CB451CDE379C001D5CC3 /* PBXTargetDependency */ = {
			isa = PBXTargetDependency;
			target = 6623CB231CDE379C001D5CC3 /* tips */;
			targetProxy = 6623CB441CDE379C001D5CC3 /* PBXContainerItemProxy */;
		};
/* End PBXTargetDependency section */

/* Begin PBXVariantGroup section */
		6623CB2B1CDE379C001D5CC3 /* Main.storyboard */ = {
			isa = PBXVariantGroup;
			children = (
				6623CB2C1CDE379C001D5CC3 /* Base */,
			);
			name = Main.storyboard;
			sourceTree = "<group>";
		};
		6623CB301CDE379C001D5CC3 /* LaunchScreen.storyboard */ = {
			isa = PBXVariantGroup;
			children = (
				6623CB311CDE379C001D5CC3 /* Base */,
			);
			name = LaunchScreen.storyboard;
			sourceTree = "<group>";
		};
/* End PBXVariantGroup section */

/* Begin XCBuildConfiguration section */
		6623CB4A1CDE379C001D5CC3 /* Debug */ = {
			isa = XCBuildConfiguration;
			buildSettings = {
				ALWAYS_SEARCH_USER_PATHS = NO;
				CLANG_ANALYZER_NONNULL = YES;
				CLANG_CXX_LANGUAGE_STANDARD = "gnu++0x";
				CLANG_CXX_LIBRARY = "libc++";
				CLANG_ENABLE_MODULES = YES;
				CLANG_ENABLE_OBJC_ARC = YES;
				CLANG_WARN_BOOL_CONVERSION = YES;
				CLANG_WARN_CONSTANT_CONVERSION = YES;
				CLANG_WARN_DIRECT_OBJC_ISA_USAGE = YES_ERROR;
				CLANG_WARN_EMPTY_BODY = YES;
				CLANG_WARN_ENUM_CONVERSION = YES;
				CLANG_WARN_INT_CONVERSION = YES;
				CLANG_WARN_OBJC_ROOT_CLASS = YES_ERROR;
				CLANG_WARN_UNREACHABLE_CODE = YES;
				CLANG_WARN__DUPLICATE_METHOD_MATCH = YES;
				"CODE_SIGN_IDENTITY[sdk=iphoneos*]" = "iPhone Developer";
				COPY_PHASE_STRIP = NO;
				DEBUG_INFORMATION_FORMAT = dwarf;
				ENABLE_STRICT_OBJC_MSGSEND = YES;
				ENABLE_TESTABILITY = YES;
				GCC_C_LANGUAGE_STANDARD = gnu99;
				GCC_DYNAMIC_NO_PIC = NO;
				GCC_NO_COMMON_BLOCKS = YES;
				GCC_OPTIMIZATION_LEVEL = 0;
				GCC_PREPROCESSOR_DEFINITIONS = (
					"DEBUG=1",
					"$(inherited)",
				);
				GCC_WARN_64_TO_32_BIT_CONVERSION = YES;
				GCC_WARN_ABOUT_RETURN_TYPE = YES_ERROR;
				GCC_WARN_UNDECLARED_SELECTOR = YES;
				GCC_WARN_UNINITIALIZED_AUTOS = YES_AGGRESSIVE;
				GCC_WARN_UNUSED_FUNCTION = YES;
				GCC_WARN_UNUSED_VARIABLE = YES;
				IPHONEOS_DEPLOYMENT_TARGET = 9.3;
				MTL_ENABLE_DEBUG_INFO = YES;
				ONLY_ACTIVE_ARCH = YES;
				SDKROOT = iphoneos;
				SWIFT_OPTIMIZATION_LEVEL = "-Onone";
			};
			name = Debug;
		};
		6623CB4B1CDE379C001D5CC3 /* Release */ = {
			isa = XCBuildConfiguration;
			buildSettings = {
				ALWAYS_SEARCH_USER_PATHS = NO;
				CLANG_ANALYZER_NONNULL = YES;
				CLANG_CXX_LANGUAGE_STANDARD = "gnu++0x";
				CLANG_CXX_LIBRARY = "libc++";
				CLANG_ENABLE_MODULES = YES;
				CLANG_ENABLE_OBJC_ARC = YES;
				CLANG_WARN_BOOL_CONVERSION = YES;
				CLANG_WARN_CONSTANT_CONVERSION = YES;
				CLANG_WARN_DIRECT_OBJC_ISA_USAGE = YES_ERROR;
				CLANG_WARN_EMPTY_BODY = YES;
				CLANG_WARN_ENUM_CONVERSION = YES;
				CLANG_WARN_INT_CONVERSION = YES;
				CLANG_WARN_OBJC_ROOT_CLASS = YES_ERROR;
				CLANG_WARN_UNREACHABLE_CODE = YES;
				CLANG_WARN__DUPLICATE_METHOD_MATCH = YES;
				"CODE_SIGN_IDENTITY[sdk=iphoneos*]" = "iPhone Developer";
				COPY_PHASE_STRIP = NO;
				DEBUG_INFORMATION_FORMAT = "dwarf-with-dsym";
				ENABLE_NS_ASSERTIONS = NO;
				ENABLE_STRICT_OBJC_MSGSEND = YES;
				GCC_C_LANGUAGE_STANDARD = gnu99;
				GCC_NO_COMMON_BLOCKS = YES;
				GCC_WARN_64_TO_32_BIT_CONVERSION = YES;
				GCC_WARN_ABOUT_RETURN_TYPE = YES_ERROR;
				GCC_WARN_UNDECLARED_SELECTOR = YES;
				GCC_WARN_UNINITIALIZED_AUTOS = YES_AGGRESSIVE;
				GCC_WARN_UNUSED_FUNCTION = YES;
				GCC_WARN_UNUSED_VARIABLE = YES;
				IPHONEOS_DEPLOYMENT_TARGET = 9.3;
				MTL_ENABLE_DEBUG_INFO = NO;
				SDKROOT = iphoneos;
				VALIDATE_PRODUCT = YES;
			};
			name = Release;
		};
		6623CB4D1CDE379C001D5CC3 /* Debug */ = {
			isa = XCBuildConfiguration;
			buildSettings = {
				ASSETCATALOG_COMPILER_APPICON_NAME = AppIcon;
				INFOPLIST_FILE = tips/Info.plist;
				IPHONEOS_DEPLOYMENT_TARGET = 7.0;
				LD_RUNPATH_SEARCH_PATHS = "$(inherited) @executable_path/Frameworks";
				PRODUCT_BUNDLE_IDENTIFIER = com.phihdn.tips;
				PRODUCT_NAME = "$(TARGET_NAME)";
			};
			name = Debug;
		};
		6623CB4E1CDE379C001D5CC3 /* Release */ = {
			isa = XCBuildConfiguration;
			buildSettings = {
				ASSETCATALOG_COMPILER_APPICON_NAME = AppIcon;
				INFOPLIST_FILE = tips/Info.plist;
				IPHONEOS_DEPLOYMENT_TARGET = 7.0;
				LD_RUNPATH_SEARCH_PATHS = "$(inherited) @executable_path/Frameworks";
				PRODUCT_BUNDLE_IDENTIFIER = com.phihdn.tips;
				PRODUCT_NAME = "$(TARGET_NAME)";
			};
			name = Release;
		};
		6623CB501CDE379C001D5CC3 /* Debug */ = {
			isa = XCBuildConfiguration;
			buildSettings = {
				BUNDLE_LOADER = "$(TEST_HOST)";
				INFOPLIST_FILE = tipsTests/Info.plist;
				LD_RUNPATH_SEARCH_PATHS = "$(inherited) @executable_path/Frameworks @loader_path/Frameworks";
				PRODUCT_BUNDLE_IDENTIFIER = com.phihdn.tipsTests;
				PRODUCT_NAME = "$(TARGET_NAME)";
				TEST_HOST = "$(BUILT_PRODUCTS_DIR)/tips.app/tips";
			};
			name = Debug;
		};
		6623CB511CDE379C001D5CC3 /* Release */ = {
			isa = XCBuildConfiguration;
			buildSettings = {
				BUNDLE_LOADER = "$(TEST_HOST)";
				INFOPLIST_FILE = tipsTests/Info.plist;
				LD_RUNPATH_SEARCH_PATHS = "$(inherited) @executable_path/Frameworks @loader_path/Frameworks";
				PRODUCT_BUNDLE_IDENTIFIER = com.phihdn.tipsTests;
				PRODUCT_NAME = "$(TARGET_NAME)";
				TEST_HOST = "$(BUILT_PRODUCTS_DIR)/tips.app/tips";
			};
			name = Release;
		};
		6623CB531CDE379C001D5CC3 /* Debug */ = {
			isa = XCBuildConfiguration;
			buildSettings = {
				INFOPLIST_FILE = tipsUITests/Info.plist;
				LD_RUNPATH_SEARCH_PATHS = "$(inherited) @executable_path/Frameworks @loader_path/Frameworks";
				PRODUCT_BUNDLE_IDENTIFIER = com.phihdn.tipsUITests;
				PRODUCT_NAME = "$(TARGET_NAME)";
				TEST_TARGET_NAME = tips;
			};
			name = Debug;
		};
		6623CB541CDE379C001D5CC3 /* Release */ = {
			isa = XCBuildConfiguration;
			buildSettings = {
				INFOPLIST_FILE = tipsUITests/Info.plist;
				LD_RUNPATH_SEARCH_PATHS = "$(inherited) @executable_path/Frameworks @loader_path/Frameworks";
				PRODUCT_BUNDLE_IDENTIFIER = com.phihdn.tipsUITests;
				PRODUCT_NAME = "$(TARGET_NAME)";
				TEST_TARGET_NAME = tips;
			};
			name = Release;
		};
/* End XCBuildConfiguration section */

/* Begin XCConfigurationList section */
		6623CB1F1CDE379C001D5CC3 /* Build configuration list for PBXProject "tips" */ = {
			isa = XCConfigurationList;
			buildConfigurations = (
				6623CB4A1CDE379C001D5CC3 /* Debug */,
				6623CB4B1CDE379C001D5CC3 /* Release */,
			);
			defaultConfigurationIsVisible = 0;
			defaultConfigurationName = Release;
		};
		6623CB4C1CDE379C001D5CC3 /* Build configuration list for PBXNativeTarget "tips" */ = {
			isa = XCConfigurationList;
			buildConfigurations = (
				6623CB4D1CDE379C001D5CC3 /* Debug */,
				6623CB4E1CDE379C001D5CC3 /* Release */,
			);
			defaultConfigurationIsVisible = 0;
			defaultConfigurationName = Release;
		};
		6623CB4F1CDE379C001D5CC3 /* Build configuration list for PBXNativeTarget "tipsTests" */ = {
			isa = XCConfigurationList;
			buildConfigurations = (
				6623CB501CDE379C001D5CC3 /* Debug */,
				6623CB511CDE379C001D5CC3 /* Release */,
			);
			defaultConfigurationIsVisible = 0;
			defaultConfigurationName = Release;
		};
		6623CB521CDE379C001D5CC3 /* Build configuration list for PBXNativeTarget "tipsUITests" */ = {
			isa = XCConfigurationList;
			buildConfigurations = (
				6623CB531CDE379C001D5CC3 /* Debug */,
				6623CB541CDE379C001D5CC3 /* Release */,
			);
			defaultConfigurationIsVisible = 0;
			defaultConfigurationName = Release;
		};
/* End XCConfigurationList section */
	};
	rootObject = 6623CB1C1CDE379C001D5CC3 /* Project object */;
}
